
Microsoft Visual Studio Solution File, Format Version 12.00
# Visual Studio Version 17
VisualStudioVersion = 17.0.31903.59
MinimumVisualStudioVersion = 10.0.40219.1
Project("{FAE04EC0-301F-11D3-BF4B-00C04F79EFBC}") = "FitnessLevelApp", "FitnessLevelApp\FitnessLevelApp.csproj", "{B2CFEDEB-E6FF-47B4-8A53-4797533473A2}"
EndProject
Project("{FAE04EC0-301F-11D3-BF4B-00C04F79EFBC}") = "FitnessLevelApp.Tests", "FitnessLevelApp.Tests\FitnessLevelApp.Tests.csproj", "{8102E6D4-BF90-419D-B0AE-4CD1B13E4B9A}"
EndProject
Global
	GlobalSection(SolutionConfigurationPlatforms) = preSolution
		Debug|Any CPU = Debug|Any CPU
		Release|Any CPU = Release|Any CPU
	EndGlobalSection
	GlobalSection(SolutionProperties) = preSolution
		HideSolutionNode = FALSE
	EndGlobalSection
	GlobalSection(ProjectConfigurationPlatforms) = postSolution
		{B2CFEDEB-E6FF-47B4-8A53-4797533473A2}.Debug|Any CPU.ActiveCfg = Debug|Any CPU
		{B2CFEDEB-E6FF-47B4-8A53-4797533473A2}.Debug|Any CPU.Build.0 = Debug|Any CPU
		{B2CFEDEB-E6FF-47B4-8A53-4797533473A2}.Release|Any CPU.ActiveCfg = Release|Any CPU
		{B2CFEDEB-E6FF-47B4-8A53-4797533473A2}.Release|Any CPU.Build.0 = Release|Any CPU
		{8102E6D4-BF90-419D-B0AE-4CD1B13E4B9A}.Debug|Any CPU.ActiveCfg = Debug|Any CPU
		{8102E6D4-BF90-419D-B0AE-4CD1B13E4B9A}.Debug|Any CPU.Build.0 = Debug|Any CPU
		{8102E6D4-BF90-419D-B0AE-4CD1B13E4B9A}.Release|Any CPU.ActiveCfg = Release|Any CPU
		{8102E6D4-BF90-419D-B0AE-4CD1B13E4B9A}.Release|Any CPU.Build.0 = Release|Any CPU
	EndGlobalSection
EndGlobal
